# This file is automatically @generated by Cargo.
# It is not intended for manual editing.
version = 3

[[package]]
name = "memx"
version = "0.1.21"
source = "registry+https://github.com/rust-lang/crates.io-index"
checksum = "7464df217e8198195bceb7ccdff56201b4aa2a0e3e3a4254f2d24b8080b6e978"
dependencies = [
 "rustc_version",
]

[[package]]
name = "parsing_png"
version = "0.1.0"
dependencies = [
 "memx",
]

[[package]]
name = "rustc_version"
version = "0.4.0"
source = "registry+https://github.com/rust-lang/crates.io-index"
checksum = "bfa0f585226d2e68097d4f95d113b15b83a82e819ab25717ec0590d9584ef366"
dependencies = [
 "semver",
]

[[package]]
name = "semver"
version = "1.0.12"
source = "registry+https://github.com/rust-lang/crates.io-index"
checksum = "a2333e6df6d6598f2b1974829f853c2b4c5f4a6e503c10af918081aa6f8564e1"
